{
  "name": "wisuda",
  "lockfileVersion": 2,
  "requires": true,
  "packages": {
    "": {
      "dependencies": {
        "font-awesome": "^4.7.0",
        "fullcalendar": "^5.7.2",
        "highcharts": "^10.1.0",
        "intro.js": "^3.4.0",
        "sweetalert2": "^10.14.1"
      }
    },
    "node_modules/font-awesome": {
      "version": "4.7.0",
      "resolved": "https://registry.npmjs.org/font-awesome/-/font-awesome-4.7.0.tgz",
      "integrity": "sha1-j6jPBBGhoxr9B7BtKQK7n8gVoTM=",
      "engines": {
        "node": ">=0.10.3"
      }
    },
    "node_modules/fullcalendar": {
      "version": "5.7.2",
      "resolved": "https://registry.npmjs.org/fullcalendar/-/fullcalendar-5.7.2.tgz",
      "integrity": "sha512-hpm2rY3oPBnl8Ql8P+WsBhV9gZuUe0qA+aU6lt7ZsOKxYORhlG3t4KDEtd0lQKnET+qJKuZrst9ubN4o9KsAqA=="
    },
    "node_modules/highcharts": {
      "version": "10.1.0",
      "resolved": "https://registry.npmjs.org/highcharts/-/highcharts-10.1.0.tgz",
      "integrity": "sha512-gW/pzy/Qy/hiYeCflYHpwgsP2nqQavwuRUswRf+papmbutZ3I7K7AIZJ/yZ9NL5yzpF7X7r2dX7/nzZGN4A1rg=="
    },
    "node_modules/intro.js": {
      "version": "3.4.0",
      "resolved": "https://registry.npmjs.org/intro.js/-/intro.js-3.4.0.tgz",
      "integrity": "sha512-LlOM5izNtkPEtjusCYDZs6Nt9JrykpUuqWh5bfQJtWVMWtg2vGzxzJDGrTdF9XUzVZvWzVIdkga/M/z8AX6hlg=="
    },
    "node_modules/sweetalert2": {
      "version": "10.15.6",
      "resolved": "https://registry.npmjs.org/sweetalert2/-/sweetalert2-10.15.6.tgz",
      "integrity": "sha512-elLyVvVwBBsgkT0NrxiiVuEv077gqGhm7WEdBjXRHN+TOX+MoC4LpDW2kbdSeJtjjU1sPdqGKfGLoJElIXfVWA==",
      "funding": {
        "url": "https://sweetalert2.github.io/#donations"
      }
    }
  },
  "dependencies": {
    "font-awesome": {
      "version": "4.7.0",
      "resolved": "https://registry.npmjs.org/font-awesome/-/font-awesome-4.7.0.tgz",
      "integrity": "sha1-j6jPBBGhoxr9B7BtKQK7n8gVoTM="
    },
    "fullcalendar": {
      "version": "5.7.2",
      "resolved": "https://registry.npmjs.org/fullcalendar/-/fullcalendar-5.7.2.tgz",
      "integrity": "sha512-hpm2rY3oPBnl8Ql8P+WsBhV9gZuUe0qA+aU6lt7ZsOKxYORhlG3t4KDEtd0lQKnET+qJKuZrst9ubN4o9KsAqA=="
    },
    "highcharts": {
      "version": "10.1.0",
      "resolved": "https://registry.npmjs.org/highcharts/-/highcharts-10.1.0.tgz",
      "integrity": "sha512-gW/pzy/Qy/hiYeCflYHpwgsP2nqQavwuRUswRf+papmbutZ3I7K7AIZJ/yZ9NL5yzpF7X7r2dX7/nzZGN4A1rg=="
    },
    "intro.js": {
      "version": "3.4.0",
      "resolved": "https://registry.npmjs.org/intro.js/-/intro.js-3.4.0.tgz",
      "integrity": "sha512-LlOM5izNtkPEtjusCYDZs6Nt9JrykpUuqWh5bfQJtWVMWtg2vGzxzJDGrTdF9XUzVZvWzVIdkga/M/z8AX6hlg=="
    },
    "sweetalert2": {
      "version": "10.15.6",
      "resolved": "https://registry.npmjs.org/sweetalert2/-/sweetalert2-10.15.6.tgz",
      "integrity": "sha512-elLyVvVwBBsgkT0NrxiiVuEv077gqGhm7WEdBjXRHN+TOX+MoC4LpDW2kbdSeJtjjU1sPdqGKfGLoJElIXfVWA=="
    }
  }
}
